{
  "name": "no-skeleton.docpad",
  "version": "0.1.0",
  "lockfileVersion": 1,
  "requires": true,
  "dependencies": {
    "accepts": {
      "version": "1.2.13",
      "resolved": false,
      "integrity": "sha1-5fHzkoxtlf2WVYw27D2dDeSm7Oo=",
      "requires": {
        "mime-types": "~2.1.6",
        "negotiator": "0.5.3"
      }
    },
    "ambi": {
      "version": "2.5.0",
      "resolved": false,
      "integrity": "sha1-fI43K+SIkRV+fOoBy2+RQ9H3QiA=",
      "requires": {
        "editions": "^1.1.1",
        "typechecker": "^4.3.0"
      },
      "dependencies": {
        "typechecker": {
          "version": "4.3.0",
          "resolved": false,
          "integrity": "sha1-b21oFXU+iNaBKqgN5KP9GJSObmI=",
          "requires": {
            "editions": "^1.1.0"
          }
        }
      }
    },
    "ansicolors": {
      "version": "0.3.2",
      "resolved": false,
      "integrity": "sha1-ZlWX3oap/+Oqm/vmyuXG6kJrSXk=",
      "optional": true
    },
    "ansistyles": {
      "version": "0.1.3",
      "resolved": false,
      "integrity": "sha1-XeYEFb2gcbs3EnhUyGT0GyMlRTk=",
      "optional": true
    },
    "argparse": {
      "version": "1.0.7",
      "resolved": false,
      "integrity": "sha1-wolQZIBVeBDxSovGLXoG9j7X+VE=",
      "requires": {
        "sprintf-js": "~1.0.2"
      }
    },
    "async": {
      "version": "1.5.2",
      "resolved": false,
      "integrity": "sha1-7GphrlZIDAw8skHJVhjiCJL5Zyo="
    },
    "backbone": {
      "version": "1.2.3",
      "resolved": false,
      "integrity": "sha1-wiz9B/yG676uYdGJKe0RXpmdZbk=",
      "requires": {
        "underscore": ">=1.7.0"
      }
    },
    "bal-util": {
      "version": "2.5.1",
      "resolved": false,
      "integrity": "sha1-m3ammwG8GquB4NkXuuIhbxYtjXI=",
      "requires": {
        "ambi": "^2.2.0",
        "eachr": "^2.0.2",
        "extendr": "^2.1.0",
        "extract-opts": "^2.2.0",
        "ignorefs": "^1.0.0",
        "safefs": "^3.1.2",
        "scandirectory": "^2.5.0",
        "taskgroup": "^4.0.5",
        "typechecker": "^2.0.8"
      },
      "dependencies": {
        "extract-opts": {
          "version": "2.2.0",
          "resolved": false,
          "integrity": "sha1-H6KOunNSxttID4hc63GkaBC+bX0=",
          "requires": {
            "typechecker": "~2.0.1"
          },
          "dependencies": {
            "typechecker": {
              "version": "2.0.8",
              "resolved": false,
              "integrity": "sha1-6D2oS7ZMWEzLNFg4V2xAsDN9uC4="
            }
          }
        }
      }
    },
    "balanced-match": {
      "version": "0.4.2",
      "resolved": false,
      "integrity": "sha1-yz8+PHMtwPAe5wtAPzAuYddwmDg="
    },
    "base64-url": {
      "version": "1.2.2",
      "resolved": false,
      "integrity": "sha1-kK8m74sLZ7yAGwXsz5QzRWSQCLM="
    },
    "basic-auth": {
      "version": "1.0.4",
      "resolved": false,
      "integrity": "sha1-Awk1sB3nyblKgksp8/zLdQ06UpA="
    },
    "basic-auth-connect": {
      "version": "1.0.0",
      "resolved": false,
      "integrity": "sha1-/bC0OWLKe0BFanwrtI/hc9otISI="
    },
    "batch": {
      "version": "0.5.3",
      "resolved": false,
      "integrity": "sha1-PzQU84AyF0O/wQQvmoP/HVgk1GQ="
    },
    "binaryextensions": {
      "version": "1.0.1",
      "resolved": false,
      "integrity": "sha1-HmN0iLNbWL2l9HdL+WpSEqjJB1U="
    },
    "body-parser": {
      "version": "1.13.3",
      "resolved": false,
      "integrity": "sha1-wIzzMMM1jhUQFqBXRvE/ApyX+pc=",
      "requires": {
        "bytes": "2.1.0",
        "content-type": "~1.0.1",
        "debug": "~2.2.0",
        "depd": "~1.0.1",
        "http-errors": "~1.3.1",
        "iconv-lite": "0.4.11",
        "on-finished": "~2.3.0",
        "qs": "4.0.0",
        "raw-body": "~2.1.2",
        "type-is": "~1.6.6"
      },
      "dependencies": {
        "iconv-lite": {
          "version": "0.4.11",
          "resolved": false,
          "integrity": "sha1-LstC/SlHRJIiCaLnxATayHk9it4="
        }
      }
    },
    "brace-expansion": {
      "version": "1.1.6",
      "resolved": false,
      "integrity": "sha1-cZfX6qm4fmSDkOph/GbIRCdCDfk=",
      "requires": {
        "balanced-match": "^0.4.1",
        "concat-map": "0.0.1"
      }
    },
    "bytes": {
      "version": "2.1.0",
      "resolved": false,
      "integrity": "sha1-rJPEEOL/ycx89LRks4KJBn9eR7Q="
    },
    "caterpillar": {
      "version": "2.0.9",
      "resolved": false,
      "integrity": "sha1-OVj36lU9OPz0iY12RYbfe8Eyvp4=",
      "requires": {
        "extendr": "^2.1.0",
        "readable-stream": "^1.0.33"
      }
    },
    "caterpillar-filter": {
      "version": "2.0.3",
      "resolved": false,
      "integrity": "sha1-8/w14/VQjqII+XrVSpvBXqbWbyk="
    },
    "caterpillar-human": {
      "version": "2.1.2",
      "resolved": false,
      "integrity": "sha1-IzCN3GqAG+mKdRsj5p9ghp17hgM=",
      "requires": {
        "ansicolors": "~0.3.2",
        "ansistyles": "~0.1.1"
      }
    },
    "coffee-script": {
      "version": "1.10.0",
      "resolved": false,
      "integrity": "sha1-EpOLz5vhlI+gBvkuDEyegXBRCMA="
    },
    "combined-stream": {
      "version": "1.0.5",
      "resolved": false,
      "integrity": "sha1-k4NwpXtKUd6ix3wV1cX9+JUWQAk=",
      "requires": {
        "delayed-stream": "~1.0.0"
      }
    },
    "commander": {
      "version": "2.9.0",
      "resolved": false,
      "integrity": "sha1-nJkJQXbhIkDLItbFFGCYQA/g99Q=",
      "requires": {
        "graceful-readlink": ">= 1.0.0"
      }
    },
    "component-emitter": {
      "version": "1.2.1",
      "resolved": false,
      "integrity": "sha1-E3kY1teCg/ffemt8WmPhQOaUJeY="
    },
    "compressible": {
      "version": "2.0.8",
      "resolved": false,
      "integrity": "sha1-cWLmxG07nSAP+0XLTkoPeDJzJQM=",
      "requires": {
        "mime-db": ">= 1.23.0 < 2"
      }
    },
    "compression": {
      "version": "1.5.2",
      "resolved": false,
      "integrity": "sha1-sDuNhub4rSloPLqN+R3cb/x3s5U=",
      "requires": {
        "accepts": "~1.2.12",
        "bytes": "2.1.0",
        "compressible": "~2.0.5",
        "debug": "~2.2.0",
        "on-headers": "~1.0.0",
        "vary": "~1.0.1"
      }
    },
    "concat-map": {
      "version": "0.0.1",
      "resolved": false,
      "integrity": "sha1-2Klr13/Wjfd5OnMDajug1UBdR3s="
    },
    "connect": {
      "version": "2.30.2",
      "resolved": false,
      "integrity": "sha1-jam8vooFTT0xjXTf7JA7XDmhtgk=",
      "requires": {
        "basic-auth-connect": "1.0.0",
        "body-parser": "~1.13.3",
        "bytes": "2.1.0",
        "compression": "~1.5.2",
        "connect-timeout": "~1.6.2",
        "content-type": "~1.0.1",
        "cookie": "0.1.3",
        "cookie-parser": "~1.3.5",
        "cookie-signature": "1.0.6",
        "csurf": "~1.8.3",
        "debug": "~2.2.0",
        "depd": "~1.0.1",
        "errorhandler": "~1.4.2",
        "express-session": "~1.11.3",
        "finalhandler": "0.4.0",
        "fresh": "0.3.0",
        "http-errors": "~1.3.1",
        "method-override": "~2.3.5",
        "morgan": "~1.6.1",
        "multiparty": "3.3.2",
        "on-headers": "~1.0.0",
        "parseurl": "~1.3.0",
        "pause": "0.1.0",
        "qs": "4.0.0",
        "response-time": "~2.3.1",
        "serve-favicon": "~2.3.0",
        "serve-index": "~1.7.2",
        "serve-static": "~1.10.0",
        "type-is": "~1.6.6",
        "utils-merge": "1.0.0",
        "vhost": "~3.0.1"
      }
    },
    "connect-timeout": {
      "version": "1.6.2",
      "resolved": false,
      "integrity": "sha1-3ppexh4zoStu2qt7XwYumMWZuI4=",
      "requires": {
        "debug": "~2.2.0",
        "http-errors": "~1.3.1",
        "ms": "0.7.1",
        "on-headers": "~1.0.0"
      }
    },
    "content-disposition": {
      "version": "0.5.0",
      "resolved": false,
      "integrity": "sha1-QoT+auBjCHRjnkToCkGMKTQTXp4="
    },
    "content-type": {
      "version": "1.0.2",
      "resolved": false,
      "integrity": "sha1-t9ETrueo3Se9IRM8TcJSnfFyHu0="
    },
    "cookie": {
      "version": "0.1.3",
      "resolved": false,
      "integrity": "sha1-5zSlwUF/zkctWu+Cw4HKu2TRpDU="
    },
    "cookie-parser": {
      "version": "1.3.5",
      "resolved": false,
      "integrity": "sha1-nXVVcPtdF4kHcSJ6AjFNm+fPg1Y=",
      "requires": {
        "cookie": "0.1.3",
        "cookie-signature": "1.0.6"
      }
    },
    "cookie-signature": {
      "version": "1.0.6",
      "resolved": false,
      "integrity": "sha1-4wOogrNCzD7oylE6eZmXNNqzriw="
    },
    "cookiejar": {
      "version": "2.0.6",
      "resolved": false,
      "integrity": "sha1-Cr81atANHFohnYjURRgEbdAmrP4="
    },
    "core-util-is": {
      "version": "1.0.2",
      "resolved": false,
      "integrity": "sha1-tf1UIgqivFq1eqtxQMlAdUUDwac="
    },
    "crc": {
      "version": "3.3.0",
      "resolved": false,
      "integrity": "sha1-+mIuG8OIvyVzCQgta2UgDOZwkLo="
    },
    "csextends": {
      "version": "1.1.1",
      "resolved": "https://registry.npmjs.org/csextends/-/csextends-1.1.1.tgz",
      "integrity": "sha1-zFPBNJ+vfwrmzfb2xKTZFW08TsE=",
      "requires": {
        "coffee-script": "^1.12.5"
      },
      "dependencies": {
        "coffee-script": {
          "version": "1.12.7",
          "resolved": "https://registry.npmjs.org/coffee-script/-/coffee-script-1.12.7.tgz",
          "integrity": "sha512-fLeEhqwymYat/MpTPUjSKHVYYl0ec2mOyALEMLmzr5i1isuG+6jfI2j2d5oBO3VIzgUXgBVIcOT9uH1TFxBckw=="
        }
      }
    },
    "cson": {
      "version": "3.0.2",
      "resolved": false,
      "integrity": "sha1-g+6Qids8JUvsHpjkmNmqzxGtzFQ=",
      "requires": {
        "coffee-script": "^1.9.0",
        "cson-parser": "^1.0.6",
        "extract-opts": "^3.0.1",
        "requirefresh": "^2.0.0",
        "safefs": "^4.0.0"
      },
      "dependencies": {
        "safefs": {
          "version": "4.1.0",
          "resolved": false,
          "integrity": "sha1-+CrrS9165R9lPrIPZyizBYyNZEU=",
          "requires": {
            "editions": "^1.1.1",
            "graceful-fs": "^4.1.4"
          }
        }
      }
    },
    "cson-parser": {
      "version": "1.3.3",
      "resolved": false,
      "integrity": "sha1-P5lGsJnQ/ozs37ng1ClERU2KXlY=",
      "requires": {
        "coffee-script": "^1.10.0"
      }
    },
    "csrf": {
      "version": "3.0.3",
      "resolved": false,
      "integrity": "sha1-adEyIN6VdigIuxIPdTOplPxCk7U=",
      "requires": {
        "base64-url": "1.2.2",
        "rndm": "1.2.0",
        "tsscmp": "1.0.5",
        "uid-safe": "2.1.1"
      }
    },
    "csurf": {
      "version": "1.8.3",
      "resolved": false,
      "integrity": "sha1-I/KhO/HY/OHQyZZYg5RELLqGpWo=",
      "requires": {
        "cookie": "0.1.3",
        "cookie-signature": "1.0.6",
        "csrf": "~3.0.0",
        "http-errors": "~1.3.1"
      }
    },
    "debug": {
      "version": "2.2.0",
      "resolved": false,
      "integrity": "sha1-+HBX6ZWxofauaklgZkE3vFbwOdo=",
      "requires": {
        "ms": "0.7.1"
      }
    },
    "delayed-stream": {
      "version": "1.0.0",
      "resolved": false,
      "integrity": "sha1-3zrhmayt+31ECqrgsp4icrJOxhk="
    },
    "depd": {
      "version": "1.0.1",
      "resolved": false,
      "integrity": "sha1-gK7GTJ1tl+ZcwqnKqTwKpqv3Oqo="
    },
    "destroy": {
      "version": "1.0.4",
      "resolved": false,
      "integrity": "sha1-l4hXRCxEdJ5CBmE+N5RiBYJqvYA="
    },
    "docpad": {
      "version": "6.78.6",
      "resolved": "https://registry.npmjs.org/docpad/-/docpad-6.78.6.tgz",
      "integrity": "sha1-D1OwF3y5N6l9FM0Qv02A0lUDRys=",
      "requires": {
        "ambi": "^2.2.0",
        "backbone": "1.2.3",
        "bal-util": "~2.5.1",
        "caterpillar": "^2.0.9",
        "caterpillar-filter": "^2.0.3",
        "caterpillar-human": "^2.1.1",
        "commander": "^2.7.1",
        "csextends": "^1.0.3",
        "cson": "^3.0.1",
        "eachr": "^2.0.2",
        "encoding": "~0.1.11",
        "envfile": "^1.0.0",
        "event-emitter-grouped": "2.4.3",
        "express": "^3.21.2",
        "extendr": "^2.1.0",
        "extract-opts": "^3.0.1",
        "getmac": "^1.0.6",
        "hostenv": "^1.0.3",
        "ignorefs": "^1.0.0",
        "istextorbinary": "^1.0.0",
        "jschardet": "~1.3.0",
        "lazy-require": "^2.0.0",
        "method-override": "^2.3.2",
        "mime": "^1.3.4",
        "progressbar": "^1.0.3",
        "promptly": "~0.2.1",
        "query-engine": "~1.5.5",
        "rimraf": "^2.2.8",
        "safefs": "^3.1.2",
        "safeps": "^5.1.0",
        "scandirectory": "^2.5.0",
        "semver": "^5.0.1",
        "superagent": "^1.1.0",
        "taskgroup": "^4.2.1",
        "typechecker": "^2.0.8",
        "underscore": "^1.8.2",
        "watchr": "^2.4.13",
        "yamljs": "~0.2.1"
      }
    },
    "docpad-plugin-eco": {
      "version": "2.1.0",
      "resolved": false,
      "integrity": "sha1-IhIejq8l9M/ydQrIFDmk0cf9lkE=",
      "requires": {
        "eco": "~1.1.0-rc-3"
      }
    },
    "docpad-plugin-ghpages": {
      "version": "2.4.4",
      "resolved": false,
      "integrity": "sha1-etkW64XsQpDovPBHsJYbDfJCpK0=",
      "requires": {
        "rimraf": "^2.2.5",
        "safefs": "^3.1.0",
        "safeps": "^2.2.11",
        "taskgroup": "^4.2.0"
      },
      "dependencies": {
        "extract-opts": {
          "version": "2.2.0",
          "resolved": false,
          "integrity": "sha1-H6KOunNSxttID4hc63GkaBC+bX0=",
          "requires": {
            "typechecker": "~2.0.1"
          },
          "dependencies": {
            "typechecker": {
              "version": "2.0.8",
              "resolved": false,
              "integrity": "sha1-6D2oS7ZMWEzLNFg4V2xAsDN9uC4="
            }
          }
        },
        "safeps": {
          "version": "2.2.13",
          "resolved": false,
          "integrity": "sha1-KxfAbR+1c8ZbFreZb+9lrMNTpL0=",
          "requires": {
            "extract-opts": "^2.2.0",
            "safefs": "^3.1.0",
            "taskgroup": "^4.2.0",
            "typechecker": "^2.0.8"
          }
        }
      }
    },
    "docpad-plugin-markdown": {
      "version": "2.0.3",
      "resolved": "https://registry.npmjs.org/docpad-plugin-markdown/-/docpad-plugin-markdown-2.0.3.tgz",
      "integrity": "sha1-nQaodGKhKZ58YHTrr1erMoPvYCo=",
      "requires": {
        "github-flavored-markdown": "1.0.x"
      }
    },
    "docpad-plugin-marked": {
      "version": "2.3.0",
      "resolved": "http://registry.npmjs.org/docpad-plugin-marked/-/docpad-plugin-marked-2.3.0.tgz",
      "integrity": "sha1-kVHrVz05rhA8NRiSjcDIMj4BorQ=",
      "requires": {
        "marked": "~0.3.3"
      }
    },
    "docpad-plugin-partials": {
      "version": "2.9.2",
      "resolved": false,
      "integrity": "sha1-xY5iifAhfERgJaLqAaGUcpVi1dk=",
      "requires": {
        "extendr": "^2.1.0",
        "taskgroup": "^4.2.0"
      }
    },
    "eachr": {
      "version": "2.0.4",
      "resolved": false,
      "integrity": "sha1-Rm98qhBwj2EFCeMsgHqv5X/BIr8=",
      "requires": {
        "typechecker": "^2.0.8"
      }
    },
    "eco": {
      "version": "1.1.0-rc-3",
      "resolved": false,
      "integrity": "sha1-dCoyxGFa9wWrPppGts5cFtvFcmI=",
      "requires": {
        "coffee-script": ">=1.2.0",
        "strscan": ">=1.0.1"
      }
    },
    "editions": {
      "version": "1.1.2",
      "resolved": false,
      "integrity": "sha1-jN8Ms56vxWQUkYHKN8gnLpixbqs="
    },
    "ee-first": {
      "version": "1.1.1",
      "resolved": false,
      "integrity": "sha1-WQxhFWsK4vTwJVcyoViyZrxWsh0="
    },
    "encoding": {
      "version": "0.1.12",
      "resolved": false,
      "integrity": "sha1-U4tm8+5izRq1HsMjgp0flIDHS+s=",
      "requires": {
        "iconv-lite": "~0.4.13"
      }
    },
    "envfile": {
      "version": "1.0.0",
      "resolved": false,
      "integrity": "sha1-MIhNmOH2rzExGE4EHc/fagK1Dq8="
    },
    "errorhandler": {
      "version": "1.4.3",
      "resolved": false,
      "integrity": "sha1-t7cO2PNZ6duICS8tIMD4MUIK2D8=",
      "requires": {
        "accepts": "~1.3.0",
        "escape-html": "~1.0.3"
      },
      "dependencies": {
        "accepts": {
          "version": "1.3.3",
          "resolved": false,
          "integrity": "sha1-w8p0NJOGSMPg2cHjKN1otiLChMo=",
          "requires": {
            "mime-types": "~2.1.11",
            "negotiator": "0.6.1"
          }
        },
        "escape-html": {
          "version": "1.0.3",
          "resolved": false,
          "integrity": "sha1-Aljq5NPQwJdN4cFpGI7wBR0dGYg="
        },
        "negotiator": {
          "version": "0.6.1",
          "resolved": false,
          "integrity": "sha1-KzJxhOiZIQEXeyhWP7XnECrNDKk="
        }
      }
    },
    "escape-html": {
      "version": "1.0.2",
      "resolved": false,
      "integrity": "sha1-130y+pjjjC9BroXpJ44ODmuhAiw="
    },
    "etag": {
      "version": "1.7.0",
      "resolved": false,
      "integrity": "sha1-A9MLX2fdbmMtKUXTDWZScxo01dg="
    },
    "event-emitter-grouped": {
      "version": "2.4.3",
      "resolved": false,
      "integrity": "sha1-o5kTiVnflbrLczdgbQCYyVw1KhU=",
      "requires": {
        "ambi": "~2.2.0",
        "taskgroup": "^4.0.0"
      },
      "dependencies": {
        "ambi": {
          "version": "2.2.0",
          "resolved": false,
          "integrity": "sha1-L0O5EvujbJKIAvoiOilv/9b0Rm4=",
          "requires": {
            "typechecker": "~2.0.7"
          }
        },
        "typechecker": {
          "version": "2.0.8",
          "resolved": false,
          "integrity": "sha1-6D2oS7ZMWEzLNFg4V2xAsDN9uC4="
        }
      }
    },
    "express": {
      "version": "3.21.2",
      "resolved": false,
      "integrity": "sha1-DCkD7lxU5j1lqWFwdkcDVQZlo94=",
      "requires": {
        "basic-auth": "~1.0.3",
        "commander": "2.6.0",
        "connect": "2.30.2",
        "content-disposition": "0.5.0",
        "content-type": "~1.0.1",
        "cookie": "0.1.3",
        "cookie-signature": "1.0.6",
        "debug": "~2.2.0",
        "depd": "~1.0.1",
        "escape-html": "1.0.2",
        "etag": "~1.7.0",
        "fresh": "0.3.0",
        "merge-descriptors": "1.0.0",
        "methods": "~1.1.1",
        "mkdirp": "0.5.1",
        "parseurl": "~1.3.0",
        "proxy-addr": "~1.0.8",
        "range-parser": "~1.0.2",
        "send": "0.13.0",
        "utils-merge": "1.0.0",
        "vary": "~1.0.1"
      },
      "dependencies": {
        "commander": {
          "version": "2.6.0",
          "resolved": false,
          "integrity": "sha1-nfflL7Kgyw+4kFjugMMQQiXzfh0="
        }
      }
    },
    "express-session": {
      "version": "1.11.3",
      "resolved": false,
      "integrity": "sha1-XMmPP1/4Ttg1+Ry/CqvQxxB0AK8=",
      "requires": {
        "cookie": "0.1.3",
        "cookie-signature": "1.0.6",
        "crc": "3.3.0",
        "debug": "~2.2.0",
        "depd": "~1.0.1",
        "on-headers": "~1.0.0",
        "parseurl": "~1.3.0",
        "uid-safe": "~2.0.0",
        "utils-merge": "1.0.0"
      },
      "dependencies": {
        "base64-url": {
          "version": "1.2.1",
          "resolved": false,
          "integrity": "sha1-GZ/WYXAqDnt9yubgaYuwicUvbXg="
        },
        "uid-safe": {
          "version": "2.0.0",
          "resolved": false,
          "integrity": "sha1-p/PGymSh9qXQTsDvPkw9U2cxcTc=",
          "requires": {
            "base64-url": "1.2.1"
          }
        }
      }
    },
    "extend": {
      "version": "3.0.0",
      "resolved": false,
      "integrity": "sha1-WkdDU7nzNT3dgXbf03uRyDpG8dQ="
    },
    "extendr": {
      "version": "2.1.0",
      "resolved": false,
      "integrity": "sha1-MBqgu+pWX00tyPVw8qImEahSe1Y=",
      "requires": {
        "typechecker": "~2.0.1"
      },
      "dependencies": {
        "typechecker": {
          "version": "2.0.8",
          "resolved": false,
          "integrity": "sha1-6D2oS7ZMWEzLNFg4V2xAsDN9uC4="
        }
      }
    },
    "extract-opts": {
      "version": "3.3.1",
      "resolved": false,
      "integrity": "sha1-WrvtyYwNUgLjJ4cn+Rktfghsa+E=",
      "requires": {
        "eachr": "^3.2.0",
        "editions": "^1.1.1",
        "typechecker": "^4.3.0"
      },
      "dependencies": {
        "eachr": {
          "version": "3.2.0",
          "resolved": false,
          "integrity": "sha1-LDXkPqCGUW95l8+At6pk1VpKRIQ=",
          "requires": {
            "editions": "^1.1.1",
            "typechecker": "^4.3.0"
          }
        },
        "typechecker": {
          "version": "4.3.0",
          "resolved": false,
          "integrity": "sha1-b21oFXU+iNaBKqgN5KP9GJSObmI=",
          "requires": {
            "editions": "^1.1.0"
          }
        }
      }
    },
    "finalhandler": {
      "version": "0.4.0",
      "resolved": false,
      "integrity": "sha1-llpS2ejQXSuFdUhUH7ibU6JJfZs=",
      "requires": {
        "debug": "~2.2.0",
        "escape-html": "1.0.2",
        "on-finished": "~2.3.0",
        "unpipe": "~1.0.0"
      }
    },
    "form-data": {
      "version": "1.0.0-rc3",
      "resolved": false,
      "integrity": "sha1-01vGLn+8KTeuePlIqqDTjZBgdXc=",
      "requires": {
        "async": "^1.4.0",
        "combined-stream": "^1.0.5",
        "mime-types": "^2.1.3"
      }
    },
    "formidable": {
      "version": "1.0.17",
      "resolved": false,
      "integrity": "sha1-71SRSQ+UM7cF+qdyScmQKa40hVk="
    },
    "forwarded": {
      "version": "0.1.2",
      "resolved": "https://registry.npmjs.org/forwarded/-/forwarded-0.1.2.tgz",
      "integrity": "sha1-mMI9qxF1ZXuMBXPozszZGw/xjIQ="
    },
    "fresh": {
      "version": "0.3.0",
      "resolved": false,
      "integrity": "sha1-ZR+DjiJCTnVm3hYdg1jKoZn4PU8="
    },
    "fs.realpath": {
      "version": "1.0.0",
      "resolved": false,
      "integrity": "sha1-FQStJSMVjKpA20onh8sBQRmU6k8="
    },
    "getmac": {
      "version": "1.2.1",
      "resolved": false,
      "integrity": "sha1-DQlf0GJ4UAQ+rB3PoLEgu9wUJtE=",
      "requires": {
        "extract-opts": "^3.2.0"
      }
    },
    "github-flavored-markdown": {
      "version": "1.0.1",
      "resolved": "https://registry.npmjs.org/github-flavored-markdown/-/github-flavored-markdown-1.0.1.tgz",
      "integrity": "sha1-kzYbh6McJXkNnIGht5ghSnN+qzg="
    },
    "glob": {
      "version": "7.0.5",
      "resolved": false,
      "integrity": "sha1-tCAqaQmbu00pKnwblbZoK2fr3JU=",
      "requires": {
        "fs.realpath": "^1.0.0",
        "inflight": "^1.0.4",
        "inherits": "2",
        "minimatch": "^3.0.2",
        "once": "^1.3.0",
        "path-is-absolute": "^1.0.0"
      }
    },
    "graceful-fs": {
      "version": "4.1.6",
      "resolved": false,
      "integrity": "sha1-UUw4dysxvuLgi+3CGgrrOr9UwZ4="
    },
    "graceful-readlink": {
      "version": "1.0.1",
      "resolved": false,
      "integrity": "sha1-TK+tdrxi8C+gObL5Tpo906ORpyU="
    },
    "hostenv": {
      "version": "1.0.5",
      "resolved": false,
      "integrity": "sha1-ZIH48QMVVfR2PfKC2HRIuScMOBI="
    },
    "http-errors": {
      "version": "1.3.1",
      "resolved": false,
      "integrity": "sha1-GX4izevUGYWF6GlO9nhhl7ke2UI=",
      "requires": {
        "inherits": "~2.0.1",
        "statuses": "1"
      }
    },
    "iconv-lite": {
      "version": "0.4.13",
      "resolved": false,
      "integrity": "sha1-H4irpKsLFQjoMSrMOTRfNumS4vI="
    },
    "ignorefs": {
      "version": "1.1.1",
      "resolved": false,
      "integrity": "sha1-+X+FJaiOHtEBdx5l0EOOBg2d2V0=",
      "requires": {
        "editions": "^1.1.1",
        "ignorepatterns": "^1.0.1"
      }
    },
    "ignorepatterns": {
      "version": "1.1.0",
      "resolved": false,
      "integrity": "sha1-rI9DbyI5td+2bV8NOpBKh6xnzF4="
    },
    "inflight": {
      "version": "1.0.5",
      "resolved": false,
      "integrity": "sha1-2zIEzVqd4ubNiQuFxuL2a89PYgo=",
      "requires": {
        "once": "^1.3.0",
        "wrappy": "1"
      }
    },
    "inherits": {
      "version": "2.0.1",
      "resolved": false,
      "integrity": "sha1-sX0I0ya0Qj5Wjv9xn5GwscvfafE="
    },
    "ipaddr.js": {
      "version": "1.0.5",
      "resolved": false,
      "integrity": "sha1-X6eM8wG4JceKvDBC2BJyMEnqI8c="
    },
    "isarray": {
      "version": "0.0.1",
      "resolved": false,
      "integrity": "sha1-ihis/Kmo9Bd+Cav8YDiTmwXR7t8="
    },
    "istextorbinary": {
      "version": "1.0.2",
      "resolved": false,
      "integrity": "sha1-rOGTVNGpoBc+/rEITOD4ewrX3s8=",
      "requires": {
        "binaryextensions": "~1.0.0",
        "textextensions": "~1.0.0"
      }
    },
    "jschardet": {
      "version": "1.3.0",
      "resolved": false,
      "integrity": "sha1-dAxynak2L45cfm3P0cxq8TLvAo0="
    },
    "lazy-require": {
      "version": "2.2.0",
      "resolved": false,
      "integrity": "sha1-Iv9A5dHpPkda7E3/aTaX/PewsW0=",
      "requires": {
        "editions": "^1.1.1",
        "extract-opts": "^3.3.1",
        "safeps": "^6.0.2"
      },
      "dependencies": {
        "eachr": {
          "version": "3.2.0",
          "resolved": false,
          "integrity": "sha1-LDXkPqCGUW95l8+At6pk1VpKRIQ=",
          "requires": {
            "editions": "^1.1.1",
            "typechecker": "^4.3.0"
          }
        },
        "extendr": {
          "version": "3.2.2",
          "resolved": false,
          "integrity": "sha1-xuRv5tkLLj6IEqZlS9YYLL+RzQY=",
          "requires": {
            "editions": "^1.1.2",
            "typechecker": "^4.3.0"
          }
        },
        "safefs": {
          "version": "4.1.0",
          "resolved": false,
          "integrity": "sha1-+CrrS9165R9lPrIPZyizBYyNZEU=",
          "requires": {
            "editions": "^1.1.1",
            "graceful-fs": "^4.1.4"
          }
        },
        "safeps": {
          "version": "6.3.0",
          "resolved": false,
          "integrity": "sha1-pfWRmuccRYaLX/eSglVngVS+AGA=",
          "requires": {
            "editions": "^1.1.1",
            "extract-opts": "^3.3.1",
            "safefs": "^4.1.0",
            "taskgroup": "^5.0.0",
            "typechecker": "^4.3.0"
          }
        },
        "taskgroup": {
          "version": "5.0.1",
          "resolved": false,
          "integrity": "sha1-CHNsmyRoOxQ0d0Ix60tzqnw/ebU=",
          "requires": {
            "ambi": "^2.5.0",
            "eachr": "^3.2.0",
            "editions": "^1.1.1",
            "extendr": "^3.2.0"
          }
        },
        "typechecker": {
          "version": "4.3.0",
          "resolved": false,
          "integrity": "sha1-b21oFXU+iNaBKqgN5KP9GJSObmI=",
          "requires": {
            "editions": "^1.1.0"
          }
        }
      }
    },
    "marked": {
      "version": "0.3.19",
      "resolved": "https://registry.npmjs.org/marked/-/marked-0.3.19.tgz",
      "integrity": "sha512-ea2eGWOqNxPcXv8dyERdSr/6FmzvWwzjMxpfGB/sbMccXoct+xY+YukPD+QTUZwyvK7BZwcr4m21WBOW41pAkg=="
    },
    "media-typer": {
      "version": "0.3.0",
      "resolved": false,
      "integrity": "sha1-hxDXrwqmJvj/+hzgAWhUUmMlV0g="
    },
    "merge-descriptors": {
      "version": "1.0.0",
      "resolved": false,
      "integrity": "sha1-IWnPdTjhsMyH+4jhUC2EdLv3mGQ="
    },
    "method-override": {
      "version": "2.3.10",
      "resolved": "https://registry.npmjs.org/method-override/-/method-override-2.3.10.tgz",
      "integrity": "sha1-49r41d7hDdLc59SuiNYrvud0drQ=",
      "requires": {
        "debug": "2.6.9",
        "methods": "~1.1.2",
        "parseurl": "~1.3.2",
        "vary": "~1.1.2"
      },
      "dependencies": {
        "debug": {
          "version": "2.6.9",
          "resolved": "https://registry.npmjs.org/debug/-/debug-2.6.9.tgz",
          "integrity": "sha512-bC7ElrdJaJnPbAP+1EotYvqZsb3ecl5wi6Bfi6BJTUcNowp6cvspg0jXznRTKDjm/E7AdgFBVeAPVMNcKGsHMA==",
          "requires": {
            "ms": "2.0.0"
          }
        },
        "ms": {
          "version": "2.0.0",
          "resolved": "https://registry.npmjs.org/ms/-/ms-2.0.0.tgz",
          "integrity": "sha1-VgiurfwAvmwpAd9fmGF4jeDVl8g="
        },
        "parseurl": {
          "version": "1.3.3",
          "resolved": "https://registry.npmjs.org/parseurl/-/parseurl-1.3.3.tgz",
          "integrity": "sha512-CiyeOxFT/JZyN5m0z9PfXw4SCBJ6Sygz1Dpl0wqjlhDEGGBP1GnsUVEL0p63hoG1fcj3fHynXi9NYO4nWOL+qQ=="
        },
        "vary": {
          "version": "1.1.2",
          "resolved": "https://registry.npmjs.org/vary/-/vary-1.1.2.tgz",
          "integrity": "sha1-IpnwLG3tMNSllhsLn3RSShj2NPw="
        }
      }
    },
    "methods": {
      "version": "1.1.2",
      "resolved": false,
      "integrity": "sha1-VSmk1nZUE07cxSZmVoNbD4Ua/O4="
    },
    "mime": {
      "version": "1.3.4",
      "resolved": false,
      "integrity": "sha1-EV+eO2s9rylZmDyzjxSaLUDrXVM="
    },
    "mime-db": {
      "version": "1.23.0",
      "resolved": false,
      "integrity": "sha1-oxtAcK2uon1zLqMzdApk0OyaZlk="
    },
    "mime-types": {
      "version": "2.1.11",
      "resolved": false,
      "integrity": "sha1-wlnEcb2oCKhdbNGTtDCl+uRHOzw=",
      "requires": {
        "mime-db": "~1.23.0"
      }
    },
    "minimatch": {
      "version": "3.0.3",
      "resolved": false,
      "integrity": "sha1-Kk5AkLlrLbBqnX3wEFWmKnfJt3Q=",
      "requires": {
        "brace-expansion": "^1.0.0"
      }
    },
    "minimist": {
      "version": "0.0.8",
      "resolved": false,
      "integrity": "sha1-hX/Kv8M5fSYluCKCYuhqp6ARsF0="
    },
    "mkdirp": {
      "version": "0.5.1",
      "resolved": false,
      "integrity": "sha1-MAV0OOrGz3+MR2fzhkjWaX11yQM=",
      "requires": {
        "minimist": "0.0.8"
      }
    },
    "morgan": {
      "version": "1.6.1",
      "resolved": false,
      "integrity": "sha1-X9gYOYxoGcuiinzWZk8pL+HAu/I=",
      "requires": {
        "basic-auth": "~1.0.3",
        "debug": "~2.2.0",
        "depd": "~1.0.1",
        "on-finished": "~2.3.0",
        "on-headers": "~1.0.0"
      }
    },
    "ms": {
      "version": "0.7.1",
      "resolved": false,
      "integrity": "sha1-nNE8A62/8ltl7/3nzoZO6VIBcJg="
    },
    "multiparty": {
      "version": "3.3.2",
      "resolved": false,
      "integrity": "sha1-Nd5oBNwZZD5SSfPT473GyM4wHT8=",
      "requires": {
        "readable-stream": "~1.1.9",
        "stream-counter": "~0.2.0"
      }
    },
    "mute-stream": {
      "version": "0.0.6",
      "resolved": false,
      "integrity": "sha1-SJYrGeFp/R38JAs/HnMXYnu8R9s="
    },
    "negotiator": {
      "version": "0.5.3",
      "resolved": false,
      "integrity": "sha1-Jp1cR2gQ7JLtvntsLygxY4T5p+g="
    },
    "on-finished": {
      "version": "2.3.0",
      "resolved": false,
      "integrity": "sha1-IPEzZIGwg811M3mSoWlxqi2QaUc=",
      "requires": {
        "ee-first": "1.1.1"
      }
    },
    "on-headers": {
      "version": "1.0.1",
      "resolved": false,
      "integrity": "sha1-ko9dD0cNSTQmUepnlLCFfBAGk/c="
    },
    "once": {
      "version": "1.3.3",
      "resolved": false,
      "integrity": "sha1-suJhVXzkwxTsgwTz+oJmPkKXyiA=",
      "requires": {
        "wrappy": "1"
      }
    },
    "parseurl": {
      "version": "1.3.1",
      "resolved": false,
      "integrity": "sha1-yKuMkiO6NIiKpkopeyiFO+wY2lY="
    },
    "path-is-absolute": {
      "version": "1.0.0",
      "resolved": false,
      "integrity": "sha1-Jj2tpmqz8vsQv3+dJN2PPlcO+RI="
    },
    "pause": {
      "version": "0.1.0",
      "resolved": false,
      "integrity": "sha1-68ikqGGf8LioGsFRPDQ0/0af23Q="
    },
    "progress": {
      "version": "1.1.8",
      "resolved": false,
      "integrity": "sha1-4mDHj2Fhzdmw5WzD4Khd4Xx6V74="
    },
    "progressbar": {
      "version": "1.1.1",
      "resolved": false,
      "integrity": "sha1-m051ghYJwjY6YvX3RMcR2Io65wA=",
      "requires": {
        "editions": "^1.1.1",
        "progress": "1.1.8"
      }
    },
    "promptly": {
      "version": "0.2.1",
      "resolved": false,
      "integrity": "sha1-ZETnyk29mJnn7rXsOSKCfr3CKzs=",
      "requires": {
        "read": "~1.0.4"
      }
    },
    "proxy-addr": {
      "version": "1.0.10",
      "resolved": false,
      "integrity": "sha1-DUCoL4Afw1VWfS7LZe/j8HfxIcU=",
      "requires": {
        "forwarded": "~0.1.0",
        "ipaddr.js": "1.0.5"
      }
    },
    "qs": {
      "version": "4.0.0",
      "resolved": false,
      "integrity": "sha1-wx2bdOwn33XlQ6hseHKO2NRiNgc="
    },
    "query-engine": {
      "version": "1.5.7",
      "resolved": false,
      "integrity": "sha1-AepGbRPBxXA0OxfXAGy6bhw6ars="
    },
    "random-bytes": {
      "version": "1.0.0",
      "resolved": false,
      "integrity": "sha1-T2ih3Arli9P7lYSMMDJNt11kNgs="
    },
    "range-parser": {
      "version": "1.0.3",
      "resolved": false,
      "integrity": "sha1-aHKCNTXGkuLCoBA4Jq/YLC4P8XU="
    },
    "raw-body": {
      "version": "2.1.7",
      "resolved": false,
      "integrity": "sha1-rf6s4uT7MJgFgBTQjActzFl1h3Q=",
      "requires": {
        "bytes": "2.4.0",
        "iconv-lite": "0.4.13",
        "unpipe": "1.0.0"
      },
      "dependencies": {
        "bytes": {
          "version": "2.4.0",
          "resolved": false,
          "integrity": "sha1-fZcZb51br39pNeJZhVSe3SpsIzk="
        }
      }
    },
    "read": {
      "version": "1.0.7",
      "resolved": false,
      "integrity": "sha1-s9oZvQUkMal2cdRKQmNK33ELQMQ=",
      "requires": {
        "mute-stream": "~0.0.4"
      }
    },
    "readable-stream": {
      "version": "1.1.14",
      "resolved": false,
      "integrity": "sha1-fPTFTvZI44EwhMY23SB54WbAgdk=",
      "requires": {
        "core-util-is": "~1.0.0",
        "inherits": "~2.0.1",
        "isarray": "0.0.1",
        "string_decoder": "~0.10.x"
      }
    },
    "reduce-component": {
      "version": "1.0.1",
      "resolved": false,
      "integrity": "sha1-4Mk1QsV0UhvqE98PlIjtgqt3xdo="
    },
    "requirefresh": {
      "version": "2.1.0",
      "resolved": false,
      "integrity": "sha1-dC3Mwg86lpGNZsbxWX3I/+vE9vU=",
      "requires": {
        "editions": "^1.1.1"
      }
    },
    "response-time": {
      "version": "2.3.1",
      "resolved": false,
      "integrity": "sha1-K94ZGB3myBq5XjIHoo1h2WWzF5c=",
      "requires": {
        "depd": "~1.0.1",
        "on-headers": "~1.0.0"
      }
    },
    "rimraf": {
      "version": "2.5.4",
      "resolved": false,
      "integrity": "sha1-loAAk8vxoMhr2VtGJUZ1NcKd+gQ=",
      "requires": {
        "glob": "^7.0.5"
      }
    },
    "rndm": {
      "version": "1.2.0",
      "resolved": false,
      "integrity": "sha1-8z/pz7Urv9UgqhgyO8ZdsRCht2w="
    },
    "safefs": {
      "version": "3.2.2",
      "resolved": false,
      "integrity": "sha1-gXDBRE1wOOCMrqBaN0+uL6NJ4Vw=",
      "requires": {
        "graceful-fs": "*"
      }
    },
    "safeps": {
      "version": "5.1.0",
      "resolved": false,
      "integrity": "sha1-iyyRBCkqaaIWhzY/BWpQCRYZK2s=",
      "requires": {
        "extract-opts": "^3.0.1",
        "safefs": "^3.1.3",
        "taskgroup": "^4.3.0",
        "typechecker": "^2.0.8"
      }
    },
    "scandirectory": {
      "version": "2.5.0",
      "resolved": false,
      "integrity": "sha1-bOA/VKCQtmjjy+2/IO354xBZPnI=",
      "requires": {
        "ignorefs": "^1.0.0",
        "safefs": "^3.1.2",
        "taskgroup": "^4.0.5"
      }
    },
    "semver": {
      "version": "5.3.0",
      "resolved": false,
      "integrity": "sha1-myzl094C0XxgEq0yaqa00M9U+U8="
    },
    "send": {
      "version": "0.13.0",
      "resolved": false,
      "integrity": "sha1-UY+SGusFYK7H3KspkLFM9vPM5d4=",
      "requires": {
        "debug": "~2.2.0",
        "depd": "~1.0.1",
        "destroy": "1.0.3",
        "escape-html": "1.0.2",
        "etag": "~1.7.0",
        "fresh": "0.3.0",
        "http-errors": "~1.3.1",
        "mime": "1.3.4",
        "ms": "0.7.1",
        "on-finished": "~2.3.0",
        "range-parser": "~1.0.2",
        "statuses": "~1.2.1"
      },
      "dependencies": {
        "destroy": {
          "version": "1.0.3",
          "resolved": false,
          "integrity": "sha1-tDO0ck5x/YVR2YhRdIUcX8N34sk="
        },
        "statuses": {
          "version": "1.2.1",
          "resolved": false,
          "integrity": "sha1-3e1FzBglbVHtQK7BQkidXGECbSg="
        }
      }
    },
    "serve-favicon": {
      "version": "2.3.0",
      "resolved": false,
      "integrity": "sha1-rtNsxoNAaabxicxyIsahqBHcWzk=",
      "requires": {
        "etag": "~1.7.0",
        "fresh": "0.3.0",
        "ms": "0.7.1",
        "parseurl": "~1.3.0"
      }
    },
    "serve-index": {
      "version": "1.7.3",
      "resolved": false,
      "integrity": "sha1-egV/xu4o3GP2RWbl+lexEahq7NI=",
      "requires": {
        "accepts": "~1.2.13",
        "batch": "0.5.3",
        "debug": "~2.2.0",
        "escape-html": "~1.0.3",
        "http-errors": "~1.3.1",
        "mime-types": "~2.1.9",
        "parseurl": "~1.3.1"
      },
      "dependencies": {
        "escape-html": {
          "version": "1.0.3",
          "resolved": false,
          "integrity": "sha1-Aljq5NPQwJdN4cFpGI7wBR0dGYg="
        }
      }
    },
    "serve-static": {
      "version": "1.10.3",
      "resolved": false,
      "integrity": "sha1-zlpuzTEB/tXsCYJ9rCKpwpv7BTU=",
      "requires": {
        "escape-html": "~1.0.3",
        "parseurl": "~1.3.1",
        "send": "0.13.2"
      },
      "dependencies": {
        "depd": {
          "version": "1.1.0",
          "resolved": false,
          "integrity": "sha1-4b2Cxqq2ztlluXuIsX7T5SjKGMM="
        },
        "escape-html": {
          "version": "1.0.3",
          "resolved": false,
          "integrity": "sha1-Aljq5NPQwJdN4cFpGI7wBR0dGYg="
        },
        "send": {
          "version": "0.13.2",
          "resolved": false,
          "integrity": "sha1-dl52B8gFVFK7pvCwUllTUJhgNt4=",
          "requires": {
            "debug": "~2.2.0",
            "depd": "~1.1.0",
            "destroy": "~1.0.4",
            "escape-html": "~1.0.3",
            "etag": "~1.7.0",
            "fresh": "0.3.0",
            "http-errors": "~1.3.1",
            "mime": "1.3.4",
            "ms": "0.7.1",
            "on-finished": "~2.3.0",
            "range-parser": "~1.0.3",
            "statuses": "~1.2.1"
          }
        },
        "statuses": {
          "version": "1.2.1",
          "resolved": false,
          "integrity": "sha1-3e1FzBglbVHtQK7BQkidXGECbSg="
        }
      }
    },
    "sprintf-js": {
      "version": "1.0.3",
      "resolved": false,
      "integrity": "sha1-BOaSb2YolTVPPdAVIDYzuFcpfiw="
    },
    "statuses": {
      "version": "1.3.0",
      "resolved": false,
      "integrity": "sha1-jlV1jLIOdoLB9Pzo3KswvwHR4Ho="
    },
    "stream-counter": {
      "version": "0.2.0",
      "resolved": false,
      "integrity": "sha1-3tJmVWMZyLDiIoErnPOyb6fZR94=",
      "requires": {
        "readable-stream": "~1.1.8"
      }
    },
    "string_decoder": {
      "version": "0.10.31",
      "resolved": "https://registry.npmjs.org/string_decoder/-/string_decoder-0.10.31.tgz",
      "integrity": "sha1-YuIDvEF2bGwoyfyEMB2rHFMQ+pQ="
    },
    "strscan": {
      "version": "1.0.1",
      "resolved": false,
      "integrity": "sha1-Ry2bwAxo6QbvL8Is33Yr58YazE0="
    },
    "superagent": {
      "version": "1.8.4",
      "resolved": false,
      "integrity": "sha1-aLLIpADxdT3bOUEJBomeQvQg/To=",
      "requires": {
        "component-emitter": "~1.2.0",
        "cookiejar": "2.0.6",
        "debug": "2",
        "extend": "3.0.0",
        "form-data": "1.0.0-rc3",
        "formidable": "~1.0.14",
        "methods": "~1.1.1",
        "mime": "1.3.4",
        "qs": "2.3.3",
        "readable-stream": "1.0.27-1",
        "reduce-component": "1.0.1"
      },
      "dependencies": {
        "qs": {
          "version": "2.3.3",
          "resolved": false,
          "integrity": "sha1-6eha2+ddoLvkyOBHaghikPhjtAQ="
        },
        "readable-stream": {
          "version": "1.0.27-1",
          "resolved": false,
          "integrity": "sha1-a2eYPCA1fO/QfwFlABoW1xDZEHg=",
          "requires": {
            "core-util-is": "~1.0.0",
            "inherits": "~2.0.1",
            "isarray": "0.0.1",
            "string_decoder": "~0.10.x"
          }
        }
      }
    },
    "taskgroup": {
      "version": "4.3.1",
      "resolved": false,
      "integrity": "sha1-feGT/r12gnPEV3MElwJNUSwnkVo=",
      "requires": {
        "ambi": "^2.2.0",
        "csextends": "^1.0.3"
      }
    },
    "textextensions": {
      "version": "1.0.2",
      "resolved": false,
      "integrity": "sha1-ZUhjk+4fK7A5pgy7oFsLaL2VAdI="
    },
    "tsscmp": {
      "version": "1.0.5",
      "resolved": false,
      "integrity": "sha1-fcSjOvcVgatDN9qR2FylQn69mpc="
    },
    "type-is": {
      "version": "1.6.13",
      "resolved": false,
      "integrity": "sha1-boO6e8MM0zp7sLf7AHN6IIW/nQg=",
      "requires": {
        "media-typer": "0.3.0",
        "mime-types": "~2.1.11"
      }
    },
    "typechecker": {
      "version": "2.1.0",
      "resolved": false,
      "integrity": "sha1-0cIJOlT/ihn1jP+HfuqlTyJC04M="
    },
    "uid-safe": {
      "version": "2.1.1",
      "resolved": false,
      "integrity": "sha1-Pb+UNrUovp9SiCwFpiFsN2PbNmY=",
      "requires": {
        "base64-url": "1.2.2",
        "random-bytes": "~1.0.0"
      }
    },
    "underscore": {
      "version": "1.13.1",
      "resolved": "https://registry.npmjs.org/underscore/-/underscore-1.13.1.tgz",
      "integrity": "sha512-hzSoAVtJF+3ZtiFX0VgfFPHEDRm7Y/QPjGyNo4TVdnDTdft3tr8hEkD25a1jC+TjTuE7tkHGKkhwCgs9dgBB2g=="
    },
    "unpipe": {
      "version": "1.0.0",
      "resolved": false,
      "integrity": "sha1-sr9O6FFKrmFltIF4KdIbLvSZBOw="
    },
    "utils-merge": {
      "version": "1.0.0",
      "resolved": false,
      "integrity": "sha1-ApT7kiu5N1FTVBxPcJYjHyh8ivg="
    },
    "vary": {
      "version": "1.0.1",
      "resolved": false,
      "integrity": "sha1-meSYFWaihhGN+yuBc1ffeZM3bRA="
    },
    "vhost": {
      "version": "3.0.2",
      "resolved": false,
      "integrity": "sha1-L7HezUxGaqiLD5NBrzPcGv8keNU="
    },
    "watchr": {
      "version": "2.6.0",
      "resolved": false,
      "integrity": "sha1-51xCOxC+eSZ6DD73bi6hBP4CZ6U=",
      "requires": {
        "eachr": "^3.2.0",
        "extendr": "^3.2.2",
        "extract-opts": "^3.3.1",
        "ignorefs": "^1.1.1",
        "safefs": "^4.1.0",
        "scandirectory": "^2.5.0",
        "taskgroup": "^5.0.1",
        "typechecker": "^4.3.0"
      },
      "dependencies": {
        "eachr": {
          "version": "3.2.0",
          "resolved": false,
          "integrity": "sha1-LDXkPqCGUW95l8+At6pk1VpKRIQ=",
          "requires": {
            "editions": "^1.1.1",
            "typechecker": "^4.3.0"
          }
        },
        "extendr": {
          "version": "3.2.2",
          "resolved": false,
          "integrity": "sha1-xuRv5tkLLj6IEqZlS9YYLL+RzQY=",
          "requires": {
            "editions": "^1.1.2",
            "typechecker": "^4.3.0"
          }
        },
        "safefs": {
          "version": "4.1.0",
          "resolved": false,
          "integrity": "sha1-+CrrS9165R9lPrIPZyizBYyNZEU=",
          "requires": {
            "editions": "^1.1.1",
            "graceful-fs": "^4.1.4"
          }
        },
        "taskgroup": {
          "version": "5.0.1",
          "resolved": false,
          "integrity": "sha1-CHNsmyRoOxQ0d0Ix60tzqnw/ebU=",
          "requires": {
            "ambi": "^2.5.0",
            "eachr": "^3.2.0",
            "editions": "^1.1.1",
            "extendr": "^3.2.0"
          }
        },
        "typechecker": {
          "version": "4.3.0",
          "resolved": false,
          "integrity": "sha1-b21oFXU+iNaBKqgN5KP9GJSObmI=",
          "requires": {
            "editions": "^1.1.0"
          }
        }
      }
    },
    "wrappy": {
      "version": "1.0.2",
      "resolved": false,
      "integrity": "sha1-tSQ9jz7BqjXxNkYFvA0QNuMKtp8="
    },
    "yamljs": {
      "version": "0.2.8",
      "resolved": false,
      "integrity": "sha1-7yP7AG5i9q4HtAaqKpSVYfM26lw=",
      "requires": {
        "argparse": "^1.0.7",
        "glob": "^7.0.5"
      }
    }
  }
}
